
Microsoft Visual Studio Solution File, Format Version 12.00
# Visual Studio 15
VisualStudioVersion = 15.0.28307.960
MinimumVisualStudioVersion = 10.0.40219.1
Project("{8BC9CEB8-8B4A-11D0-8D11-00A0C91BC942}") = "1_HelloWorld", "1_HelloWorld\1_HelloWorld.vcxproj", "{8BDCFE3E-6D39-4A45-8D59-D9D4221E4AB8}"
EndProject
Project("{8BC9CEB8-8B4A-11D0-8D11-00A0C91BC942}") = "2_HelloWorldWithMethod", "2_HelloWorldWithMethod\2_HelloWorldWithMethod.vcxproj", "{94C48144-2268-4D5A-8075-9472FBD69A1F}"
EndProject
Project("{8BC9CEB8-8B4A-11D0-8D11-00A0C91BC942}") = "3_Variables", "3_Variables\3_Variables.vcxproj", "{075371A0-A34E-4198-BCFC-B5C0912881E0}"
EndProject
Project("{8BC9CEB8-8B4A-11D0-8D11-00A0C91BC942}") = "4_Functions", "4_Functions\4_Functions.vcxproj", "{F8A0142B-F10F-43F0-A436-4A8AEDB643CE}"
EndProject
Project("{8BC9CEB8-8B4A-11D0-8D11-00A0C91BC942}") = "5_Headers", "5_Headers\5_Headers.vcxproj", "{33792323-1BA0-44CB-A0BA-D79C0CDBCE32}"
EndProject
Project("{8BC9CEB8-8B4A-11D0-8D11-00A0C91BC942}") = "6_Conditions", "6_Conditions\6_Conditions.vcxproj", "{5ED4B541-33F4-4EAA-A6C8-95A54F226434}"
EndProject
Project("{8BC9CEB8-8B4A-11D0-8D11-00A0C91BC942}") = "7_Loops", "7_Loops\7_Loops.vcxproj", "{D48FA22E-AB55-414B-AD71-238436B954F3}"
EndProject
Project("{8BC9CEB8-8B4A-11D0-8D11-00A0C91BC942}") = "8_ControlFlow", "8_ControlFlow\8_ControlFlow.vcxproj", "{3BF39770-5E9E-4AA5-8207-581B736946E7}"
EndProject
Project("{8BC9CEB8-8B4A-11D0-8D11-00A0C91BC942}") = "9_Pointers", "9_Pointers\9_Pointers.vcxproj", "{9DC67C6F-0C16-4C4B-A81B-61D7603817C8}"
EndProject
Project("{8BC9CEB8-8B4A-11D0-8D11-00A0C91BC942}") = "10_References", "10_References\10_References.vcxproj", "{EA89464F-4249-4588-8A57-78C7FF498B72}"
EndProject
Project("{2150E333-8FDC-42A3-9474-1A3956D46DE8}") = "1_9", "1_9", "{41B711D6-3B54-4EAE-94C5-28AD6237569A}"
EndProject
Project("{2150E333-8FDC-42A3-9474-1A3956D46DE8}") = "10_19", "10_19", "{D450E042-2C3A-4337-845F-29D7D4957695}"
EndProject
Project("{8BC9CEB8-8B4A-11D0-8D11-00A0C91BC942}") = "11_Classes", "11_Classes\11_Classes.vcxproj", "{29673940-A884-43DF-91DF-F5C9559A318F}"
EndProject
Project("{8BC9CEB8-8B4A-11D0-8D11-00A0C91BC942}") = "12_ClassVsStruct", "ClassVsStruct\ClassVsStruct.vcxproj", "{9FC30CF4-E3BE-4EA0-B059-17964436C3DC}"
EndProject
Project("{8BC9CEB8-8B4A-11D0-8D11-00A0C91BC942}") = "13_HowToWriteAClass", "13_HowToWriteAClass\13_HowToWriteAClass.vcxproj", "{0AA8B41B-66B3-427D-8BD8-BEEF2C36D631}"
EndProject
Project("{8BC9CEB8-8B4A-11D0-8D11-00A0C91BC942}") = "14_Static", "14_Static\14_Static.vcxproj", "{520A41CA-F32C-4547-8C38-1A37B059F650}"
EndProject
Project("{8BC9CEB8-8B4A-11D0-8D11-00A0C91BC942}") = "15_StaticInsideClass", "15_StaticInsideClass\15_StaticInsideClass.vcxproj", "{9A7EAD75-E18D-4013-A4D9-B451BAD2F1CB}"
EndProject
Project("{8BC9CEB8-8B4A-11D0-8D11-00A0C91BC942}") = "16_MemoryInClasses", "16_MemoryInClasses\16_MemoryInClasses.vcxproj", "{DB4BD845-282E-495A-A781-3A85DF9E801A}"
EndProject
Project("{8BC9CEB8-8B4A-11D0-8D11-00A0C91BC942}") = "17_MemoryPages", "17_MemoryPages\17_MemoryPages.vcxproj", "{F8EBD9D0-F2E5-4B2B-94DA-65F24FCFF0D8}"
EndProject
Project("{8BC9CEB8-8B4A-11D0-8D11-00A0C91BC942}") = "18_LocalStatic", "18_LocalStatic\18_LocalStatic.vcxproj", "{4685260C-D3AA-411C-BC2F-C210BFBC9747}"
EndProject
Project("{8BC9CEB8-8B4A-11D0-8D11-00A0C91BC942}") = "19_Enums", "19_Enums\19_Enums.vcxproj", "{D4AC0933-A574-4FB2-B5F6-04D0EC3EA16C}"
EndProject
Project("{2150E333-8FDC-42A3-9474-1A3956D46DE8}") = "20_29", "20_29", "{4AC90B6B-0B1C-46BE-B728-310D85DA24C4}"
EndProject
Project("{8BC9CEB8-8B4A-11D0-8D11-00A0C91BC942}") = "20_Constructor", "20_Constructor\20_Constructor.vcxproj", "{6071BD4C-3E76-46BF-94D0-1C6F48400B79}"
EndProject
Project("{8BC9CEB8-8B4A-11D0-8D11-00A0C91BC942}") = "21_Destructors", "21_Destructors\21_Destructors.vcxproj", "{D689B802-CB2C-423E-B8BD-F136E7FD70A9}"
EndProject
Project("{8BC9CEB8-8B4A-11D0-8D11-00A0C91BC942}") = "22_Inheritance", "22_Inheritance\22_Inheritance.vcxproj", "{AB2F2A3E-B80A-4C13-92F8-A88773D41DE3}"
EndProject
Project("{8BC9CEB8-8B4A-11D0-8D11-00A0C91BC942}") = "23_VirtualFunctions", "23_VirtualFunctions\23_VirtualFunctions.vcxproj", "{80D2ACA2-2DF2-4439-B986-B45E8C0F13BE}"
EndProject
Global
	GlobalSection(SolutionConfigurationPlatforms) = preSolution
		Debug|x64 = Debug|x64
		Debug|x86 = Debug|x86
		Release|x64 = Release|x64
		Release|x86 = Release|x86
	EndGlobalSection
	GlobalSection(ProjectConfigurationPlatforms) = postSolution
		{8BDCFE3E-6D39-4A45-8D59-D9D4221E4AB8}.Debug|x64.ActiveCfg = Debug|x64
		{8BDCFE3E-6D39-4A45-8D59-D9D4221E4AB8}.Debug|x64.Build.0 = Debug|x64
		{8BDCFE3E-6D39-4A45-8D59-D9D4221E4AB8}.Debug|x86.ActiveCfg = Debug|Win32
		{8BDCFE3E-6D39-4A45-8D59-D9D4221E4AB8}.Debug|x86.Build.0 = Debug|Win32
		{8BDCFE3E-6D39-4A45-8D59-D9D4221E4AB8}.Release|x64.ActiveCfg = Release|x64
		{8BDCFE3E-6D39-4A45-8D59-D9D4221E4AB8}.Release|x64.Build.0 = Release|x64
		{8BDCFE3E-6D39-4A45-8D59-D9D4221E4AB8}.Release|x86.ActiveCfg = Release|Win32
		{8BDCFE3E-6D39-4A45-8D59-D9D4221E4AB8}.Release|x86.Build.0 = Release|Win32
		{94C48144-2268-4D5A-8075-9472FBD69A1F}.Debug|x64.ActiveCfg = Debug|x64
		{94C48144-2268-4D5A-8075-9472FBD69A1F}.Debug|x64.Build.0 = Debug|x64
		{94C48144-2268-4D5A-8075-9472FBD69A1F}.Debug|x86.ActiveCfg = Debug|Win32
		{94C48144-2268-4D5A-8075-9472FBD69A1F}.Debug|x86.Build.0 = Debug|Win32
		{94C48144-2268-4D5A-8075-9472FBD69A1F}.Release|x64.ActiveCfg = Release|x64
		{94C48144-2268-4D5A-8075-9472FBD69A1F}.Release|x64.Build.0 = Release|x64
		{94C48144-2268-4D5A-8075-9472FBD69A1F}.Release|x86.ActiveCfg = Release|Win32
		{94C48144-2268-4D5A-8075-9472FBD69A1F}.Release|x86.Build.0 = Release|Win32
		{075371A0-A34E-4198-BCFC-B5C0912881E0}.Debug|x64.ActiveCfg = Debug|x64
		{075371A0-A34E-4198-BCFC-B5C0912881E0}.Debug|x64.Build.0 = Debug|x64
		{075371A0-A34E-4198-BCFC-B5C0912881E0}.Debug|x86.ActiveCfg = Debug|Win32
		{075371A0-A34E-4198-BCFC-B5C0912881E0}.Debug|x86.Build.0 = Debug|Win32
		{075371A0-A34E-4198-BCFC-B5C0912881E0}.Release|x64.ActiveCfg = Release|x64
		{075371A0-A34E-4198-BCFC-B5C0912881E0}.Release|x64.Build.0 = Release|x64
		{075371A0-A34E-4198-BCFC-B5C0912881E0}.Release|x86.ActiveCfg = Release|Win32
		{075371A0-A34E-4198-BCFC-B5C0912881E0}.Release|x86.Build.0 = Release|Win32
		{F8A0142B-F10F-43F0-A436-4A8AEDB643CE}.Debug|x64.ActiveCfg = Debug|x64
		{F8A0142B-F10F-43F0-A436-4A8AEDB643CE}.Debug|x64.Build.0 = Debug|x64
		{F8A0142B-F10F-43F0-A436-4A8AEDB643CE}.Debug|x86.ActiveCfg = Debug|Win32
		{F8A0142B-F10F-43F0-A436-4A8AEDB643CE}.Debug|x86.Build.0 = Debug|Win32
		{F8A0142B-F10F-43F0-A436-4A8AEDB643CE}.Release|x64.ActiveCfg = Release|x64
		{F8A0142B-F10F-43F0-A436-4A8AEDB643CE}.Release|x64.Build.0 = Release|x64
		{F8A0142B-F10F-43F0-A436-4A8AEDB643CE}.Release|x86.ActiveCfg = Release|Win32
		{F8A0142B-F10F-43F0-A436-4A8AEDB643CE}.Release|x86.Build.0 = Release|Win32
		{33792323-1BA0-44CB-A0BA-D79C0CDBCE32}.Debug|x64.ActiveCfg = Debug|x64
		{33792323-1BA0-44CB-A0BA-D79C0CDBCE32}.Debug|x64.Build.0 = Debug|x64
		{33792323-1BA0-44CB-A0BA-D79C0CDBCE32}.Debug|x86.ActiveCfg = Debug|Win32
		{33792323-1BA0-44CB-A0BA-D79C0CDBCE32}.Debug|x86.Build.0 = Debug|Win32
		{33792323-1BA0-44CB-A0BA-D79C0CDBCE32}.Release|x64.ActiveCfg = Release|x64
		{33792323-1BA0-44CB-A0BA-D79C0CDBCE32}.Release|x64.Build.0 = Release|x64
		{33792323-1BA0-44CB-A0BA-D79C0CDBCE32}.Release|x86.ActiveCfg = Release|Win32
		{33792323-1BA0-44CB-A0BA-D79C0CDBCE32}.Release|x86.Build.0 = Release|Win32
		{5ED4B541-33F4-4EAA-A6C8-95A54F226434}.Debug|x64.ActiveCfg = Debug|x64
		{5ED4B541-33F4-4EAA-A6C8-95A54F226434}.Debug|x64.Build.0 = Debug|x64
		{5ED4B541-33F4-4EAA-A6C8-95A54F226434}.Debug|x86.ActiveCfg = Debug|Win32
		{5ED4B541-33F4-4EAA-A6C8-95A54F226434}.Debug|x86.Build.0 = Debug|Win32
		{5ED4B541-33F4-4EAA-A6C8-95A54F226434}.Release|x64.ActiveCfg = Release|x64
		{5ED4B541-33F4-4EAA-A6C8-95A54F226434}.Release|x64.Build.0 = Release|x64
		{5ED4B541-33F4-4EAA-A6C8-95A54F226434}.Release|x86.ActiveCfg = Release|Win32
		{5ED4B541-33F4-4EAA-A6C8-95A54F226434}.Release|x86.Build.0 = Release|Win32
		{D48FA22E-AB55-414B-AD71-238436B954F3}.Debug|x64.ActiveCfg = Debug|x64
		{D48FA22E-AB55-414B-AD71-238436B954F3}.Debug|x64.Build.0 = Debug|x64
		{D48FA22E-AB55-414B-AD71-238436B954F3}.Debug|x86.ActiveCfg = Debug|Win32
		{D48FA22E-AB55-414B-AD71-238436B954F3}.Debug|x86.Build.0 = Debug|Win32
		{D48FA22E-AB55-414B-AD71-238436B954F3}.Release|x64.ActiveCfg = Release|x64
		{D48FA22E-AB55-414B-AD71-238436B954F3}.Release|x64.Build.0 = Release|x64
		{D48FA22E-AB55-414B-AD71-238436B954F3}.Release|x86.ActiveCfg = Release|Win32
		{D48FA22E-AB55-414B-AD71-238436B954F3}.Release|x86.Build.0 = Release|Win32
		{3BF39770-5E9E-4AA5-8207-581B736946E7}.Debug|x64.ActiveCfg = Debug|x64
		{3BF39770-5E9E-4AA5-8207-581B736946E7}.Debug|x64.Build.0 = Debug|x64
		{3BF39770-5E9E-4AA5-8207-581B736946E7}.Debug|x86.ActiveCfg = Debug|Win32
		{3BF39770-5E9E-4AA5-8207-581B736946E7}.Debug|x86.Build.0 = Debug|Win32
		{3BF39770-5E9E-4AA5-8207-581B736946E7}.Release|x64.ActiveCfg = Release|x64
		{3BF39770-5E9E-4AA5-8207-581B736946E7}.Release|x64.Build.0 = Release|x64
		{3BF39770-5E9E-4AA5-8207-581B736946E7}.Release|x86.ActiveCfg = Release|Win32
		{3BF39770-5E9E-4AA5-8207-581B736946E7}.Release|x86.Build.0 = Release|Win32
		{9DC67C6F-0C16-4C4B-A81B-61D7603817C8}.Debug|x64.ActiveCfg = Debug|x64
		{9DC67C6F-0C16-4C4B-A81B-61D7603817C8}.Debug|x64.Build.0 = Debug|x64
		{9DC67C6F-0C16-4C4B-A81B-61D7603817C8}.Debug|x86.ActiveCfg = Debug|Win32
		{9DC67C6F-0C16-4C4B-A81B-61D7603817C8}.Debug|x86.Build.0 = Debug|Win32
		{9DC67C6F-0C16-4C4B-A81B-61D7603817C8}.Release|x64.ActiveCfg = Release|x64
		{9DC67C6F-0C16-4C4B-A81B-61D7603817C8}.Release|x64.Build.0 = Release|x64
		{9DC67C6F-0C16-4C4B-A81B-61D7603817C8}.Release|x86.ActiveCfg = Release|Win32
		{9DC67C6F-0C16-4C4B-A81B-61D7603817C8}.Release|x86.Build.0 = Release|Win32
		{EA89464F-4249-4588-8A57-78C7FF498B72}.Debug|x64.ActiveCfg = Debug|x64
		{EA89464F-4249-4588-8A57-78C7FF498B72}.Debug|x64.Build.0 = Debug|x64
		{EA89464F-4249-4588-8A57-78C7FF498B72}.Debug|x86.ActiveCfg = Debug|Win32
		{EA89464F-4249-4588-8A57-78C7FF498B72}.Debug|x86.Build.0 = Debug|Win32
		{EA89464F-4249-4588-8A57-78C7FF498B72}.Release|x64.ActiveCfg = Release|x64
		{EA89464F-4249-4588-8A57-78C7FF498B72}.Release|x64.Build.0 = Release|x64
		{EA89464F-4249-4588-8A57-78C7FF498B72}.Release|x86.ActiveCfg = Release|Win32
		{EA89464F-4249-4588-8A57-78C7FF498B72}.Release|x86.Build.0 = Release|Win32
		{29673940-A884-43DF-91DF-F5C9559A318F}.Debug|x64.ActiveCfg = Debug|x64
		{29673940-A884-43DF-91DF-F5C9559A318F}.Debug|x64.Build.0 = Debug|x64
		{29673940-A884-43DF-91DF-F5C9559A318F}.Debug|x86.ActiveCfg = Debug|Win32
		{29673940-A884-43DF-91DF-F5C9559A318F}.Debug|x86.Build.0 = Debug|Win32
		{29673940-A884-43DF-91DF-F5C9559A318F}.Release|x64.ActiveCfg = Release|x64
		{29673940-A884-43DF-91DF-F5C9559A318F}.Release|x64.Build.0 = Release|x64
		{29673940-A884-43DF-91DF-F5C9559A318F}.Release|x86.ActiveCfg = Release|Win32
		{29673940-A884-43DF-91DF-F5C9559A318F}.Release|x86.Build.0 = Release|Win32
		{9FC30CF4-E3BE-4EA0-B059-17964436C3DC}.Debug|x64.ActiveCfg = Debug|x64
		{9FC30CF4-E3BE-4EA0-B059-17964436C3DC}.Debug|x64.Build.0 = Debug|x64
		{9FC30CF4-E3BE-4EA0-B059-17964436C3DC}.Debug|x86.ActiveCfg = Debug|Win32
		{9FC30CF4-E3BE-4EA0-B059-17964436C3DC}.Debug|x86.Build.0 = Debug|Win32
		{9FC30CF4-E3BE-4EA0-B059-17964436C3DC}.Release|x64.ActiveCfg = Release|x64
		{9FC30CF4-E3BE-4EA0-B059-17964436C3DC}.Release|x64.Build.0 = Release|x64
		{9FC30CF4-E3BE-4EA0-B059-17964436C3DC}.Release|x86.ActiveCfg = Release|Win32
		{9FC30CF4-E3BE-4EA0-B059-17964436C3DC}.Release|x86.Build.0 = Release|Win32
		{0AA8B41B-66B3-427D-8BD8-BEEF2C36D631}.Debug|x64.ActiveCfg = Debug|x64
		{0AA8B41B-66B3-427D-8BD8-BEEF2C36D631}.Debug|x64.Build.0 = Debug|x64
		{0AA8B41B-66B3-427D-8BD8-BEEF2C36D631}.Debug|x86.ActiveCfg = Debug|Win32
		{0AA8B41B-66B3-427D-8BD8-BEEF2C36D631}.Debug|x86.Build.0 = Debug|Win32
		{0AA8B41B-66B3-427D-8BD8-BEEF2C36D631}.Release|x64.ActiveCfg = Release|x64
		{0AA8B41B-66B3-427D-8BD8-BEEF2C36D631}.Release|x64.Build.0 = Release|x64
		{0AA8B41B-66B3-427D-8BD8-BEEF2C36D631}.Release|x86.ActiveCfg = Release|Win32
		{0AA8B41B-66B3-427D-8BD8-BEEF2C36D631}.Release|x86.Build.0 = Release|Win32
		{520A41CA-F32C-4547-8C38-1A37B059F650}.Debug|x64.ActiveCfg = Debug|x64
		{520A41CA-F32C-4547-8C38-1A37B059F650}.Debug|x64.Build.0 = Debug|x64
		{520A41CA-F32C-4547-8C38-1A37B059F650}.Debug|x86.ActiveCfg = Debug|Win32
		{520A41CA-F32C-4547-8C38-1A37B059F650}.Debug|x86.Build.0 = Debug|Win32
		{520A41CA-F32C-4547-8C38-1A37B059F650}.Release|x64.ActiveCfg = Release|x64
		{520A41CA-F32C-4547-8C38-1A37B059F650}.Release|x64.Build.0 = Release|x64
		{520A41CA-F32C-4547-8C38-1A37B059F650}.Release|x86.ActiveCfg = Release|Win32
		{520A41CA-F32C-4547-8C38-1A37B059F650}.Release|x86.Build.0 = Release|Win32
		{9A7EAD75-E18D-4013-A4D9-B451BAD2F1CB}.Debug|x64.ActiveCfg = Debug|x64
		{9A7EAD75-E18D-4013-A4D9-B451BAD2F1CB}.Debug|x64.Build.0 = Debug|x64
		{9A7EAD75-E18D-4013-A4D9-B451BAD2F1CB}.Debug|x86.ActiveCfg = Debug|Win32
		{9A7EAD75-E18D-4013-A4D9-B451BAD2F1CB}.Debug|x86.Build.0 = Debug|Win32
		{9A7EAD75-E18D-4013-A4D9-B451BAD2F1CB}.Release|x64.ActiveCfg = Release|x64
		{9A7EAD75-E18D-4013-A4D9-B451BAD2F1CB}.Release|x64.Build.0 = Release|x64
		{9A7EAD75-E18D-4013-A4D9-B451BAD2F1CB}.Release|x86.ActiveCfg = Release|Win32
		{9A7EAD75-E18D-4013-A4D9-B451BAD2F1CB}.Release|x86.Build.0 = Release|Win32
		{DB4BD845-282E-495A-A781-3A85DF9E801A}.Debug|x64.ActiveCfg = Debug|x64
		{DB4BD845-282E-495A-A781-3A85DF9E801A}.Debug|x64.Build.0 = Debug|x64
		{DB4BD845-282E-495A-A781-3A85DF9E801A}.Debug|x86.ActiveCfg = Debug|Win32
		{DB4BD845-282E-495A-A781-3A85DF9E801A}.Debug|x86.Build.0 = Debug|Win32
		{DB4BD845-282E-495A-A781-3A85DF9E801A}.Release|x64.ActiveCfg = Release|x64
		{DB4BD845-282E-495A-A781-3A85DF9E801A}.Release|x64.Build.0 = Release|x64
		{DB4BD845-282E-495A-A781-3A85DF9E801A}.Release|x86.ActiveCfg = Release|Win32
		{DB4BD845-282E-495A-A781-3A85DF9E801A}.Release|x86.Build.0 = Release|Win32
		{F8EBD9D0-F2E5-4B2B-94DA-65F24FCFF0D8}.Debug|x64.ActiveCfg = Debug|x64
		{F8EBD9D0-F2E5-4B2B-94DA-65F24FCFF0D8}.Debug|x64.Build.0 = Debug|x64
		{F8EBD9D0-F2E5-4B2B-94DA-65F24FCFF0D8}.Debug|x86.ActiveCfg = Debug|Win32
		{F8EBD9D0-F2E5-4B2B-94DA-65F24FCFF0D8}.Debug|x86.Build.0 = Debug|Win32
		{F8EBD9D0-F2E5-4B2B-94DA-65F24FCFF0D8}.Release|x64.ActiveCfg = Release|x64
		{F8EBD9D0-F2E5-4B2B-94DA-65F24FCFF0D8}.Release|x64.Build.0 = Release|x64
		{F8EBD9D0-F2E5-4B2B-94DA-65F24FCFF0D8}.Release|x86.ActiveCfg = Release|Win32
		{F8EBD9D0-F2E5-4B2B-94DA-65F24FCFF0D8}.Release|x86.Build.0 = Release|Win32
		{4685260C-D3AA-411C-BC2F-C210BFBC9747}.Debug|x64.ActiveCfg = Debug|x64
		{4685260C-D3AA-411C-BC2F-C210BFBC9747}.Debug|x64.Build.0 = Debug|x64
		{4685260C-D3AA-411C-BC2F-C210BFBC9747}.Debug|x86.ActiveCfg = Debug|Win32
		{4685260C-D3AA-411C-BC2F-C210BFBC9747}.Debug|x86.Build.0 = Debug|Win32
		{4685260C-D3AA-411C-BC2F-C210BFBC9747}.Release|x64.ActiveCfg = Release|x64
		{4685260C-D3AA-411C-BC2F-C210BFBC9747}.Release|x64.Build.0 = Release|x64
		{4685260C-D3AA-411C-BC2F-C210BFBC9747}.Release|x86.ActiveCfg = Release|Win32
		{4685260C-D3AA-411C-BC2F-C210BFBC9747}.Release|x86.Build.0 = Release|Win32
		{D4AC0933-A574-4FB2-B5F6-04D0EC3EA16C}.Debug|x64.ActiveCfg = Debug|x64
		{D4AC0933-A574-4FB2-B5F6-04D0EC3EA16C}.Debug|x64.Build.0 = Debug|x64
		{D4AC0933-A574-4FB2-B5F6-04D0EC3EA16C}.Debug|x86.ActiveCfg = Debug|Win32
		{D4AC0933-A574-4FB2-B5F6-04D0EC3EA16C}.Debug|x86.Build.0 = Debug|Win32
		{D4AC0933-A574-4FB2-B5F6-04D0EC3EA16C}.Release|x64.ActiveCfg = Release|x64
		{D4AC0933-A574-4FB2-B5F6-04D0EC3EA16C}.Release|x64.Build.0 = Release|x64
		{D4AC0933-A574-4FB2-B5F6-04D0EC3EA16C}.Release|x86.ActiveCfg = Release|Win32
		{D4AC0933-A574-4FB2-B5F6-04D0EC3EA16C}.Release|x86.Build.0 = Release|Win32
		{6071BD4C-3E76-46BF-94D0-1C6F48400B79}.Debug|x64.ActiveCfg = Debug|x64
		{6071BD4C-3E76-46BF-94D0-1C6F48400B79}.Debug|x64.Build.0 = Debug|x64
		{6071BD4C-3E76-46BF-94D0-1C6F48400B79}.Debug|x86.ActiveCfg = Debug|Win32
		{6071BD4C-3E76-46BF-94D0-1C6F48400B79}.Debug|x86.Build.0 = Debug|Win32
		{6071BD4C-3E76-46BF-94D0-1C6F48400B79}.Release|x64.ActiveCfg = Release|x64
		{6071BD4C-3E76-46BF-94D0-1C6F48400B79}.Release|x64.Build.0 = Release|x64
		{6071BD4C-3E76-46BF-94D0-1C6F48400B79}.Release|x86.ActiveCfg = Release|Win32
		{6071BD4C-3E76-46BF-94D0-1C6F48400B79}.Release|x86.Build.0 = Release|Win32
		{D689B802-CB2C-423E-B8BD-F136E7FD70A9}.Debug|x64.ActiveCfg = Debug|x64
		{D689B802-CB2C-423E-B8BD-F136E7FD70A9}.Debug|x64.Build.0 = Debug|x64
		{D689B802-CB2C-423E-B8BD-F136E7FD70A9}.Debug|x86.ActiveCfg = Debug|Win32
		{D689B802-CB2C-423E-B8BD-F136E7FD70A9}.Debug|x86.Build.0 = Debug|Win32
		{D689B802-CB2C-423E-B8BD-F136E7FD70A9}.Release|x64.ActiveCfg = Release|x64
		{D689B802-CB2C-423E-B8BD-F136E7FD70A9}.Release|x64.Build.0 = Release|x64
		{D689B802-CB2C-423E-B8BD-F136E7FD70A9}.Release|x86.ActiveCfg = Release|Win32
		{D689B802-CB2C-423E-B8BD-F136E7FD70A9}.Release|x86.Build.0 = Release|Win32
		{AB2F2A3E-B80A-4C13-92F8-A88773D41DE3}.Debug|x64.ActiveCfg = Debug|x64
		{AB2F2A3E-B80A-4C13-92F8-A88773D41DE3}.Debug|x64.Build.0 = Debug|x64
		{AB2F2A3E-B80A-4C13-92F8-A88773D41DE3}.Debug|x86.ActiveCfg = Debug|Win32
		{AB2F2A3E-B80A-4C13-92F8-A88773D41DE3}.Debug|x86.Build.0 = Debug|Win32
		{AB2F2A3E-B80A-4C13-92F8-A88773D41DE3}.Release|x64.ActiveCfg = Release|x64
		{AB2F2A3E-B80A-4C13-92F8-A88773D41DE3}.Release|x64.Build.0 = Release|x64
		{AB2F2A3E-B80A-4C13-92F8-A88773D41DE3}.Release|x86.ActiveCfg = Release|Win32
		{AB2F2A3E-B80A-4C13-92F8-A88773D41DE3}.Release|x86.Build.0 = Release|Win32
		{80D2ACA2-2DF2-4439-B986-B45E8C0F13BE}.Debug|x64.ActiveCfg = Debug|x64
		{80D2ACA2-2DF2-4439-B986-B45E8C0F13BE}.Debug|x64.Build.0 = Debug|x64
		{80D2ACA2-2DF2-4439-B986-B45E8C0F13BE}.Debug|x86.ActiveCfg = Debug|Win32
		{80D2ACA2-2DF2-4439-B986-B45E8C0F13BE}.Debug|x86.Build.0 = Debug|Win32
		{80D2ACA2-2DF2-4439-B986-B45E8C0F13BE}.Release|x64.ActiveCfg = Release|x64
		{80D2ACA2-2DF2-4439-B986-B45E8C0F13BE}.Release|x64.Build.0 = Release|x64
		{80D2ACA2-2DF2-4439-B986-B45E8C0F13BE}.Release|x86.ActiveCfg = Release|Win32
		{80D2ACA2-2DF2-4439-B986-B45E8C0F13BE}.Release|x86.Build.0 = Release|Win32
	EndGlobalSection
	GlobalSection(SolutionProperties) = preSolution
		HideSolutionNode = FALSE
	EndGlobalSection
	GlobalSection(NestedProjects) = preSolution
		{8BDCFE3E-6D39-4A45-8D59-D9D4221E4AB8} = {41B711D6-3B54-4EAE-94C5-28AD6237569A}
		{94C48144-2268-4D5A-8075-9472FBD69A1F} = {41B711D6-3B54-4EAE-94C5-28AD6237569A}
		{075371A0-A34E-4198-BCFC-B5C0912881E0} = {41B711D6-3B54-4EAE-94C5-28AD6237569A}
		{F8A0142B-F10F-43F0-A436-4A8AEDB643CE} = {41B711D6-3B54-4EAE-94C5-28AD6237569A}
		{33792323-1BA0-44CB-A0BA-D79C0CDBCE32} = {41B711D6-3B54-4EAE-94C5-28AD6237569A}
		{5ED4B541-33F4-4EAA-A6C8-95A54F226434} = {41B711D6-3B54-4EAE-94C5-28AD6237569A}
		{D48FA22E-AB55-414B-AD71-238436B954F3} = {41B711D6-3B54-4EAE-94C5-28AD6237569A}
		{3BF39770-5E9E-4AA5-8207-581B736946E7} = {41B711D6-3B54-4EAE-94C5-28AD6237569A}
		{9DC67C6F-0C16-4C4B-A81B-61D7603817C8} = {41B711D6-3B54-4EAE-94C5-28AD6237569A}
		{EA89464F-4249-4588-8A57-78C7FF498B72} = {D450E042-2C3A-4337-845F-29D7D4957695}
		{29673940-A884-43DF-91DF-F5C9559A318F} = {D450E042-2C3A-4337-845F-29D7D4957695}
		{9FC30CF4-E3BE-4EA0-B059-17964436C3DC} = {D450E042-2C3A-4337-845F-29D7D4957695}
		{0AA8B41B-66B3-427D-8BD8-BEEF2C36D631} = {D450E042-2C3A-4337-845F-29D7D4957695}
		{520A41CA-F32C-4547-8C38-1A37B059F650} = {D450E042-2C3A-4337-845F-29D7D4957695}
		{9A7EAD75-E18D-4013-A4D9-B451BAD2F1CB} = {D450E042-2C3A-4337-845F-29D7D4957695}
		{DB4BD845-282E-495A-A781-3A85DF9E801A} = {D450E042-2C3A-4337-845F-29D7D4957695}
		{F8EBD9D0-F2E5-4B2B-94DA-65F24FCFF0D8} = {D450E042-2C3A-4337-845F-29D7D4957695}
		{4685260C-D3AA-411C-BC2F-C210BFBC9747} = {D450E042-2C3A-4337-845F-29D7D4957695}
		{D4AC0933-A574-4FB2-B5F6-04D0EC3EA16C} = {D450E042-2C3A-4337-845F-29D7D4957695}
		{6071BD4C-3E76-46BF-94D0-1C6F48400B79} = {4AC90B6B-0B1C-46BE-B728-310D85DA24C4}
		{D689B802-CB2C-423E-B8BD-F136E7FD70A9} = {4AC90B6B-0B1C-46BE-B728-310D85DA24C4}
		{AB2F2A3E-B80A-4C13-92F8-A88773D41DE3} = {4AC90B6B-0B1C-46BE-B728-310D85DA24C4}
		{80D2ACA2-2DF2-4439-B986-B45E8C0F13BE} = {4AC90B6B-0B1C-46BE-B728-310D85DA24C4}
	EndGlobalSection
	GlobalSection(ExtensibilityGlobals) = postSolution
		SolutionGuid = {D1D4BB16-B9AD-478B-BDDC-ECE178837029}
	EndGlobalSection
EndGlobal
